
Microsoft Visual Studio Solution File, Format Version 12.00
# Visual Studio Version 16
VisualStudioVersion = 16.0.32106.194
MinimumVisualStudioVersion = 10.0.40219.1
Project("{FAE04EC0-301F-11D3-BF4B-00C04F79EFBC}") = "gorina", "gorina.csproj", "{74245DAE-688B-497D-B23C-BCF085C9066B}"
EndProject
Global
	GlobalSection(SolutionConfigurationPlatforms) = preSolution
		Debug|Any CPU = Debug|Any CPU
		Release|Any CPU = Release|Any CPU
	EndGlobalSection
	GlobalSection(ProjectConfigurationPlatforms) = postSolution
		{74245DAE-688B-497D-B23C-BCF085C9066B}.Debug|Any CPU.ActiveCfg = Debug|Any CPU
		{74245DAE-688B-497D-B23C-BCF085C9066B}.Debug|Any CPU.Build.0 = Debug|Any CPU
		{74245DAE-688B-497D-B23C-BCF085C9066B}.Release|Any CPU.ActiveCfg = Release|Any CPU
		{74245DAE-688B-497D-B23C-BCF085C9066B}.Release|Any CPU.Build.0 = Release|Any CPU
	EndGlobalSection
	GlobalSection(SolutionProperties) = preSolution
		HideSolutionNode = FALSE
	EndGlobalSection
	GlobalSection(ExtensibilityGlobals) = postSolution
		SolutionGuid = {C5B39855-86F7-4899-BCD8-DE9571B6C3EC}
	EndGlobalSection
EndGlobal
